
Microsoft Visual Studio Solution File, Format Version 12.00
# Visual Studio Version 17
VisualStudioVersion = 17.8.34322.80
MinimumVisualStudioVersion = 10.0.40219.1
Project("{FAE04EC0-301F-11D3-BF4B-00C04F79EFBC}") = "FrequencyGrapher", "FrequencyGrapher.csproj", "{A908E714-F49E-41A1-A90E-9412874FA4AD}"
EndProject
Global
	GlobalSection(SolutionConfigurationPlatforms) = preSolution
		Debug|Any CPU = Debug|Any CPU
		Release|Any CPU = Release|Any CPU
	EndGlobalSection
	GlobalSection(ProjectConfigurationPlatforms) = postSolution
		{A908E714-F49E-41A1-A90E-9412874FA4AD}.Debug|Any CPU.ActiveCfg = Debug|Any CPU
		{A908E714-F49E-41A1-A90E-9412874FA4AD}.Debug|Any CPU.Build.0 = Debug|Any CPU
		{A908E714-F49E-41A1-A90E-9412874FA4AD}.Release|Any CPU.ActiveCfg = Release|Any CPU
		{A908E714-F49E-41A1-A90E-9412874FA4AD}.Release|Any CPU.Build.0 = Release|Any CPU
	EndGlobalSection
	GlobalSection(SolutionProperties) = preSolution
		HideSolutionNode = FALSE
	EndGlobalSection
	GlobalSection(ExtensibilityGlobals) = postSolution
		SolutionGuid = {4CAFE839-8CD4-464A-880E-6470A6F0D853}
	EndGlobalSection
EndGlobal
